<?xml version="1.0" encoding="utf-8"?>
<Project ToolsVersion="4.0" xmlns="http://schemas.microsoft.com/developer/msbuild/2003">
  <ItemGroup>
    <ClCompile Include="pch.cpp" />
    <ClCompile Include="Source.cpp">
      <Filter>Source Files</Filter>
    </ClCompile>
    <ClCompile Include="$(MSBuildThisFileDirectory)..\..\lib\native\src\gtest\gtest-all.cc" />
    <ClCompile Include="$(MSBuildThisFileDirectory)..\..\lib\native\src\gmock\gmock-all.cc" />
    <ClCompile Include="ComputerTest.cpp">
      <Filter>UnitTesting</Filter>
    </ClCompile>
    <ClCompile Include="BoardTesting.cpp">
      <Filter>UnitTesting</Filter>
    </ClCompile>
    <ClCompile Include="BattleshipsGameTest.cpp">
      <Filter>UnitTesting</Filter>
    </ClCompile>
  </ItemGroup>
  <ItemGroup>
    <ClInclude Include="pch.h" />
  </ItemGroup>
  <ItemGroup>
    <Filter Include="Source Files">
      <UniqueIdentifier>{a0dc6111-6994-4bce-b954-ca18e6447369}</UniqueIdentifier>
    </Filter>
    <Filter Include="UnitTesting">
      <UniqueIdentifier>{951a762a-1b6c-4e5d-8fa9-a1d32d5c5441}</UniqueIdentifier>
    </Filter>
  </ItemGroup>
  <ItemGroup>
    <None Include="packages.config" />
  </ItemGroup>
</Project>